github.com/shawnyeager/tangerine-theme v0.0.0-20251016043931-483cf25522d0 h1:o+5aXvGOKvaE/o9TuYCbviSTfGOEw2vUGd7WCqF8vrc=
github.com/shawnyeager/tangerine-theme v0.0.0-20251016043931-483cf25522d0/go.mod h1:oI7/pq79iSOuNOgNXsUxKLxrb+Ulhm2bAslKpGktFJY=
github.com/shawnyeager/tangerine-theme v0.0.0-20251016050707-3ad8f0d54ad8 h1:Uugz/cIArFHphmomvDBBQlcg8gW7KQM2V4uM4LIpvRk=
github.com/shawnyeager/tangerine-theme v0.0.0-20251016050707-3ad8f0d54ad8/go.mod h1:oI7/pq79iSOuNOgNXsUxKLxrb+Ulhm2bAslKpGktFJY=
github.com/shawnyeager/tangerine-theme v0.0.0-20251016120029-ee4bc215e4a6 h1:zJRkXuOHePl6oP4OqzBYmz6aGkI6xRO50EjK2zk09As=
github.com/shawnyeager/tangerine-theme v0.0.0-20251016120029-ee4bc215e4a6/go.mod h1:oI7/pq79iSOuNOgNXsUxKLxrb+Ulhm2bAslKpGktFJY=
github.com/shawnyeager/tangerine-theme v0.0.0-20251016121640-6a4ab8169274 h1:yGsCtI/YdBpreOcBVFlZ4tF0JMxGDw4QhuVKjZ9PiCc=
github.com/shawnyeager/tangerine-theme v0.0.0-20251016121640-6a4ab8169274/go.mod h1:oI7/pq79iSOuNOgNXsUxKLxrb+Ulhm2bAslKpGktFJY=
github.com/shawnyeager/tangerine-theme v0.0.0-20251016122953-80115c2b1aad h1:A7k7L1YJ/N9U8KbiWCQ2D0a0M/d7pP/umkn3e1QoFsQ=
github.com/shawnyeager/tangerine-theme v0.0.0-20251016122953-80115c2b1aad/go.mod h1:oI7/pq79iSOuNOgNXsUxKLxrb+Ulhm2bAslKpGktFJY=
github.com/shawnyeager/tangerine-theme v0.0.0-20251016130224-6f6d29489993 h1:epqID/4kQrb9z9+8RVsGExeMaXGIg/XG8fxK1vPQ1zs=
github.com/shawnyeager/tangerine-theme v0.0.0-20251016130224-6f6d29489993/go.mod h1:oI7/pq79iSOuNOgNXsUxKLxrb+Ulhm2bAslKpGktFJY=
github.com/shawnyeager/tangerine-theme v0.0.0-20251016130836-61afe4d7e656 h1:DkVJz6cn2TiiLXzVRS8Pq/KjuWFe3JUcthoYwDOTRF0=
github.com/shawnyeager/tangerine-theme v0.0.0-20251016130836-61afe4d7e656/go.mod h1:oI7/pq79iSOuNOgNXsUxKLxrb+Ulhm2bAslKpGktFJY=
github.com/shawnyeager/tangerine-theme v0.0.0-20251016131707-1d8c1faf79f2 h1:nllWIDtd7AIkdauxnklY3qZAW3pYUqL9zqmi3d8Lyfk=
github.com/shawnyeager/tangerine-theme v0.0.0-20251016131707-1d8c1faf79f2/go.mod h1:oI7/pq79iSOuNOgNXsUxKLxrb+Ulhm2bAslKpGktFJY=
github.com/shawnyeager/tangerine-theme v1.0.0 h1:Qc8Upra+a6LbL16azWSE6UCoqhHg/d9/1FbxFBTQj8w=
github.com/shawnyeager/tangerine-theme v1.0.0/go.mod h1:oI7/pq79iSOuNOgNXsUxKLxrb+Ulhm2bAslKpGktFJY=
github.com/shawnyeager/tangerine-theme v1.1.0 h1:CXUO73YFfAJJIWaMp2Ey/p4dkYBXPz808o5b/2KoR5g=
github.com/shawnyeager/tangerine-theme v1.1.0/go.mod h1:oI7/pq79iSOuNOgNXsUxKLxrb+Ulhm2bAslKpGktFJY=
