github.com/shawnyeager/tangerine-theme v0.0.0-20251016043931-483cf25522d0 h1:o+5aXvGOKvaE/o9TuYCbviSTfGOEw2vUGd7WCqF8vrc=
github.com/shawnyeager/tangerine-theme v0.0.0-20251016043931-483cf25522d0/go.mod h1:oI7/pq79iSOuNOgNXsUxKLxrb+Ulhm2bAslKpGktFJY=
github.com/shawnyeager/tangerine-theme v0.0.0-20251016050707-3ad8f0d54ad8 h1:Uugz/cIArFHphmomvDBBQlcg8gW7KQM2V4uM4LIpvRk=
github.com/shawnyeager/tangerine-theme v0.0.0-20251016050707-3ad8f0d54ad8/go.mod h1:oI7/pq79iSOuNOgNXsUxKLxrb+Ulhm2bAslKpGktFJY=
github.com/shawnyeager/tangerine-theme v0.0.0-20251016120029-ee4bc215e4a6 h1:zJRkXuOHePl6oP4OqzBYmz6aGkI6xRO50EjK2zk09As=
github.com/shawnyeager/tangerine-theme v0.0.0-20251016120029-ee4bc215e4a6/go.mod h1:oI7/pq79iSOuNOgNXsUxKLxrb+Ulhm2bAslKpGktFJY=
github.com/shawnyeager/tangerine-theme v0.0.0-20251016121640-6a4ab8169274 h1:yGsCtI/YdBpreOcBVFlZ4tF0JMxGDw4QhuVKjZ9PiCc=
github.com/shawnyeager/tangerine-theme v0.0.0-20251016121640-6a4ab8169274/go.mod h1:oI7/pq79iSOuNOgNXsUxKLxrb+Ulhm2bAslKpGktFJY=
github.com/shawnyeager/tangerine-theme v0.0.0-20251016122953-80115c2b1aad h1:A7k7L1YJ/N9U8KbiWCQ2D0a0M/d7pP/umkn3e1QoFsQ=
github.com/shawnyeager/tangerine-theme v0.0.0-20251016122953-80115c2b1aad/go.mod h1:oI7/pq79iSOuNOgNXsUxKLxrb+Ulhm2bAslKpGktFJY=
