github.com/shawnyeager/tangerine-theme v0.0.0-20251016043931-483cf25522d0 h1:o+5aXvGOKvaE/o9TuYCbviSTfGOEw2vUGd7WCqF8vrc=
github.com/shawnyeager/tangerine-theme v0.0.0-20251016043931-483cf25522d0/go.mod h1:oI7/pq79iSOuNOgNXsUxKLxrb+Ulhm2bAslKpGktFJY=
github.com/shawnyeager/tangerine-theme v0.0.0-20251016050707-3ad8f0d54ad8 h1:Uugz/cIArFHphmomvDBBQlcg8gW7KQM2V4uM4LIpvRk=
github.com/shawnyeager/tangerine-theme v0.0.0-20251016050707-3ad8f0d54ad8/go.mod h1:oI7/pq79iSOuNOgNXsUxKLxrb+Ulhm2bAslKpGktFJY=
